
Microsoft Visual Studio Solution File, Format Version 12.00
# Visual Studio Version 17
VisualStudioVersion = 17.1.32414.318
MinimumVisualStudioVersion = 10.0.40219.1
Project("{9A19103F-16F7-4668-BE54-9A1E7A4F7556}") = "CallTracker_GUI", "CallTracker_GUI.csproj", "{11DBF405-C42F-46DB-9FCB-A76A94BD7E6F}"
	ProjectSection(ProjectDependencies) = postProject
		{C06EC3A7-A9EB-4E36-A54F-BC044C447148} = {C06EC3A7-A9EB-4E36-A54F-BC044C447148}
	EndProjectSection
EndProject
Project("{9A19103F-16F7-4668-BE54-9A1E7A4F7556}") = "CallTracker_Lib", "CallTracker-Lib\CallTracker_Lib.csproj", "{C06EC3A7-A9EB-4E36-A54F-BC044C447148}"
EndProject
Global
	GlobalSection(SolutionConfigurationPlatforms) = preSolution
		Debug|Any CPU = Debug|Any CPU
		Release|Any CPU = Release|Any CPU
	EndGlobalSection
	GlobalSection(ProjectConfigurationPlatforms) = postSolution
		{11DBF405-C42F-46DB-9FCB-A76A94BD7E6F}.Debug|Any CPU.ActiveCfg = Debug|Any CPU
		{11DBF405-C42F-46DB-9FCB-A76A94BD7E6F}.Debug|Any CPU.Build.0 = Debug|Any CPU
		{11DBF405-C42F-46DB-9FCB-A76A94BD7E6F}.Release|Any CPU.ActiveCfg = Release|Any CPU
		{11DBF405-C42F-46DB-9FCB-A76A94BD7E6F}.Release|Any CPU.Build.0 = Release|Any CPU
		{C06EC3A7-A9EB-4E36-A54F-BC044C447148}.Debug|Any CPU.ActiveCfg = Debug|Any CPU
		{C06EC3A7-A9EB-4E36-A54F-BC044C447148}.Debug|Any CPU.Build.0 = Debug|Any CPU
		{C06EC3A7-A9EB-4E36-A54F-BC044C447148}.Release|Any CPU.ActiveCfg = Release|Any CPU
		{C06EC3A7-A9EB-4E36-A54F-BC044C447148}.Release|Any CPU.Build.0 = Release|Any CPU
	EndGlobalSection
	GlobalSection(SolutionProperties) = preSolution
		HideSolutionNode = FALSE
	EndGlobalSection
	GlobalSection(ExtensibilityGlobals) = postSolution
		SolutionGuid = {D167F677-7D3E-4CA8-8DC9-3D404CFFC3BA}
	EndGlobalSection
EndGlobal
